// !$*UTF8*$!
{
	archiveVersion = 1;
	classes = {
	};
	objectVersion = 50;
	objects = {

/* Begin PBXBuildFile section */
		D43F478425F148E6001F6503 /* DetailViewController.swift in Sources */ = {isa = PBXBuildFile; fileRef = D43F478325F148E6001F6503 /* DetailViewController.swift */; };
		D4C839ED25EFE7DD0036DC2C /* AppDelegate.swift in Sources */ = {isa = PBXBuildFile; fileRef = D4C839EC25EFE7DD0036DC2C /* AppDelegate.swift */; };
		D4C839EF25EFE7DD0036DC2C /* SceneDelegate.swift in Sources */ = {isa = PBXBuildFile; fileRef = D4C839EE25EFE7DD0036DC2C /* SceneDelegate.swift */; };
		D4C839F125EFE7DD0036DC2C /* ViewController.swift in Sources */ = {isa = PBXBuildFile; fileRef = D4C839F025EFE7DD0036DC2C /* ViewController.swift */; };
		D4C839F425EFE7DD0036DC2C /* Main.storyboard in Resources */ = {isa = PBXBuildFile; fileRef = D4C839F225EFE7DD0036DC2C /* Main.storyboard */; };
		D4C839F625EFE7DE0036DC2C /* Assets.xcassets in Resources */ = {isa = PBXBuildFile; fileRef = D4C839F525EFE7DE0036DC2C /* Assets.xcassets */; };
		D4C839F925EFE7DE0036DC2C /* LaunchScreen.storyboard in Resources */ = {isa = PBXBuildFile; fileRef = D4C839F725EFE7DE0036DC2C /* LaunchScreen.storyboard */; };
		D4C83A0C25EFE7F50036DC2C /* nssl0049.jpg in Resources */ = {isa = PBXBuildFile; fileRef = D4C83A0225EFE7F50036DC2C /* nssl0049.jpg */; };
		D4C83A0D25EFE7F50036DC2C /* nssl0046.jpg in Resources */ = {isa = PBXBuildFile; fileRef = D4C83A0325EFE7F50036DC2C /* nssl0046.jpg */; };
		D4C83A0E25EFE7F50036DC2C /* nssl0091.jpg in Resources */ = {isa = PBXBuildFile; fileRef = D4C83A0425EFE7F50036DC2C /* nssl0091.jpg */; };
		D4C83A0F25EFE7F50036DC2C /* nssl0045.jpg in Resources */ = {isa = PBXBuildFile; fileRef = D4C83A0525EFE7F50036DC2C /* nssl0045.jpg */; };
		D4C83A1025EFE7F50036DC2C /* nssl0051.jpg in Resources */ = {isa = PBXBuildFile; fileRef = D4C83A0625EFE7F50036DC2C /* nssl0051.jpg */; };
		D4C83A1125EFE7F50036DC2C /* nssl0041.jpg in Resources */ = {isa = PBXBuildFile; fileRef = D4C83A0725EFE7F50036DC2C /* nssl0041.jpg */; };
		D4C83A1225EFE7F50036DC2C /* nssl0042.jpg in Resources */ = {isa = PBXBuildFile; fileRef = D4C83A0825EFE7F50036DC2C /* nssl0042.jpg */; };
		D4C83A1325EFE7F50036DC2C /* nssl0043.jpg in Resources */ = {isa = PBXBuildFile; fileRef = D4C83A0925EFE7F50036DC2C /* nssl0043.jpg */; };
		D4C83A1425EFE7F50036DC2C /* nssl0033.jpg in Resources */ = {isa = PBXBuildFile; fileRef = D4C83A0A25EFE7F50036DC2C /* nssl0033.jpg */; };
		D4C83A1525EFE7F50036DC2C /* nssl0034.jpg in Resources */ = {isa = PBXBuildFile; fileRef = D4C83A0B25EFE7F50036DC2C /* nssl0034.jpg */; };
/* End PBXBuildFile section */

/* Begin PBXFileReference section */
		D43F478325F148E6001F6503 /* DetailViewController.swift */ = {isa = PBXFileReference; lastKnownFileType = sourcecode.swift; path = DetailViewController.swift; sourceTree = "<group>"; };
		D4C839E925EFE7DD0036DC2C /* Project1.app */ = {isa = PBXFileReference; explicitFileType = wrapper.application; includeInIndex = 0; path = Project1.app; sourceTree = BUILT_PRODUCTS_DIR; };
		D4C839EC25EFE7DD0036DC2C /* AppDelegate.swift */ = {isa = PBXFileReference; lastKnownFileType = sourcecode.swift; path = AppDelegate.swift; sourceTree = "<group>"; };
		D4C839EE25EFE7DD0036DC2C /* SceneDelegate.swift */ = {isa = PBXFileReference; lastKnownFileType = sourcecode.swift; path = SceneDelegate.swift; sourceTree = "<group>"; };
		D4C839F025EFE7DD0036DC2C /* ViewController.swift */ = {isa = PBXFileReference; lastKnownFileType = sourcecode.swift; path = ViewController.swift; sourceTree = "<group>"; };
		D4C839F325EFE7DD0036DC2C /* Base */ = {isa = PBXFileReference; lastKnownFileType = file.storyboard; name = Base; path = Base.lproj/Main.storyboard; sourceTree = "<group>"; };
		D4C839F525EFE7DE0036DC2C /* Assets.xcassets */ = {isa = PBXFileReference; lastKnownFileType = folder.assetcatalog; path = Assets.xcassets; sourceTree = "<group>"; };
		D4C839F825EFE7DE0036DC2C /* Base */ = {isa = PBXFileReference; lastKnownFileType = file.storyboard; name = Base; path = Base.lproj/LaunchScreen.storyboard; sourceTree = "<group>"; };
		D4C839FA25EFE7DE0036DC2C /* Info.plist */ = {isa = PBXFileReference; lastKnownFileType = text.plist.xml; path = Info.plist; sourceTree = "<group>"; };
		D4C83A0225EFE7F50036DC2C /* nssl0049.jpg */ = {isa = PBXFileReference; lastKnownFileType = image.jpeg; path = nssl0049.jpg; sourceTree = "<group>"; };
		D4C83A0325EFE7F50036DC2C /* nssl0046.jpg */ = {isa = PBXFileReference; lastKnownFileType = image.jpeg; path = nssl0046.jpg; sourceTree = "<group>"; };
		D4C83A0425EFE7F50036DC2C /* nssl0091.jpg */ = {isa = PBXFileReference; lastKnownFileType = image.jpeg; path = nssl0091.jpg; sourceTree = "<group>"; };
		D4C83A0525EFE7F50036DC2C /* nssl0045.jpg */ = {isa = PBXFileReference; lastKnownFileType = image.jpeg; path = nssl0045.jpg; sourceTree = "<group>"; };
		D4C83A0625EFE7F50036DC2C /* nssl0051.jpg */ = {isa = PBXFileReference; lastKnownFileType = image.jpeg; path = nssl0051.jpg; sourceTree = "<group>"; };
		D4C83A0725EFE7F50036DC2C /* nssl0041.jpg */ = {isa = PBXFileReference; lastKnownFileType = image.jpeg; path = nssl0041.jpg; sourceTree = "<group>"; };
		D4C83A0825EFE7F50036DC2C /* nssl0042.jpg */ = {isa = PBXFileReference; lastKnownFileType = image.jpeg; path = nssl0042.jpg; sourceTree = "<group>"; };
		D4C83A0925EFE7F50036DC2C /* nssl0043.jpg */ = {isa = PBXFileReference; lastKnownFileType = image.jpeg; path = nssl0043.jpg; sourceTree = "<group>"; };
		D4C83A0A25EFE7F50036DC2C /* nssl0033.jpg */ = {isa = PBXFileReference; lastKnownFileType = image.jpeg; path = nssl0033.jpg; sourceTree = "<group>"; };
		D4C83A0B25EFE7F50036DC2C /* nssl0034.jpg */ = {isa = PBXFileReference; lastKnownFileType = image.jpeg; path = nssl0034.jpg; sourceTree = "<group>"; };
/* End PBXFileReference section */

/* Begin PBXFrameworksBuildPhase section */
		D4C839E625EFE7DD0036DC2C /* Frameworks */ = {
			isa = PBXFrameworksBuildPhase;
			buildActionMask = 2147483647;
			files = (
			);
			runOnlyForDeploymentPostprocessing = 0;
		};
/* End PBXFrameworksBuildPhase section */

/* Begin PBXGroup section */
		D4C839E025EFE7DD0036DC2C = {
			isa = PBXGroup;
			children = (
				D4C839EB25EFE7DD0036DC2C /* Project1 */,
				D4C839EA25EFE7DD0036DC2C /* Products */,
			);
			sourceTree = "<group>";
		};
		D4C839EA25EFE7DD0036DC2C /* Products */ = {
			isa = PBXGroup;
			children = (
				D4C839E925EFE7DD0036DC2C /* Project1.app */,
			);
			name = Products;
			sourceTree = "<group>";
		};
		D4C839EB25EFE7DD0036DC2C /* Project1 */ = {
			isa = PBXGroup;
			children = (
				D4C839EC25EFE7DD0036DC2C /* AppDelegate.swift */,
				D4C839EE25EFE7DD0036DC2C /* SceneDelegate.swift */,
				D4C839F025EFE7DD0036DC2C /* ViewController.swift */,
				D43F478325F148E6001F6503 /* DetailViewController.swift */,
				D4C839F225EFE7DD0036DC2C /* Main.storyboard */,
				D4C839F525EFE7DE0036DC2C /* Assets.xcassets */,
				D4C839F725EFE7DE0036DC2C /* LaunchScreen.storyboard */,
				D4C839FA25EFE7DE0036DC2C /* Info.plist */,
				D4C83A0125EFE7F50036DC2C /* Content */,
			);
			path = Project1;
			sourceTree = "<group>";
		};
		D4C83A0125EFE7F50036DC2C /* Content */ = {
			isa = PBXGroup;
			children = (
				D4C83A0225EFE7F50036DC2C /* nssl0049.jpg */,
				D4C83A0325EFE7F50036DC2C /* nssl0046.jpg */,
				D4C83A0425EFE7F50036DC2C /* nssl0091.jpg */,
				D4C83A0525EFE7F50036DC2C /* nssl0045.jpg */,
				D4C83A0625EFE7F50036DC2C /* nssl0051.jpg */,
				D4C83A0725EFE7F50036DC2C /* nssl0041.jpg */,
				D4C83A0825EFE7F50036DC2C /* nssl0042.jpg */,
				D4C83A0925EFE7F50036DC2C /* nssl0043.jpg */,
				D4C83A0A25EFE7F50036DC2C /* nssl0033.jpg */,
				D4C83A0B25EFE7F50036DC2C /* nssl0034.jpg */,
			);
			path = Content;
			sourceTree = "<group>";
		};
/* End PBXGroup section */

/* Begin PBXNativeTarget section */
		D4C839E825EFE7DD0036DC2C /* Project1 */ = {
			isa = PBXNativeTarget;
			buildConfigurationList = D4C839FD25EFE7DE0036DC2C /* Build configuration list for PBXNativeTarget "Project1" */;
			buildPhases = (
				D4C839E525EFE7DD0036DC2C /* Sources */,
				D4C839E625EFE7DD0036DC2C /* Frameworks */,
				D4C839E725EFE7DD0036DC2C /* Resources */,
			);
			buildRules = (
			);
			dependencies = (
			);
			name = Project1;
			productName = Project1;
			productReference = D4C839E925EFE7DD0036DC2C /* Project1.app */;
			productType = "com.apple.product-type.application";
		};
/* End PBXNativeTarget section */

/* Begin PBXProject section */
		D4C839E125EFE7DD0036DC2C /* Project object */ = {
			isa = PBXProject;
			attributes = {
				LastSwiftUpdateCheck = 1240;
				LastUpgradeCheck = 1240;
				TargetAttributes = {
					D4C839E825EFE7DD0036DC2C = {
						CreatedOnToolsVersion = 12.4;
					};
				};
			};
			buildConfigurationList = D4C839E425EFE7DD0036DC2C /* Build configuration list for PBXProject "Project1" */;
			compatibilityVersion = "Xcode 9.3";
			developmentRegion = en;
			hasScannedForEncodings = 0;
			knownRegions = (
				en,
				Base,
			);
			mainGroup = D4C839E025EFE7DD0036DC2C;
			productRefGroup = D4C839EA25EFE7DD0036DC2C /* Products */;
			projectDirPath = "";
			projectRoot = "";
			targets = (
				D4C839E825EFE7DD0036DC2C /* Project1 */,
			);
		};
/* End PBXProject section */

/* Begin PBXResourcesBuildPhase section */
		D4C839E725EFE7DD0036DC2C /* Resources */ = {
			isa = PBXResourcesBuildPhase;
			buildActionMask = 2147483647;
			files = (
				D4C83A0D25EFE7F50036DC2C /* nssl0046.jpg in Resources */,
				D4C83A1425EFE7F50036DC2C /* nssl0033.jpg in Resources */,
				D4C83A1025EFE7F50036DC2C /* nssl0051.jpg in Resources */,
				D4C83A0E25EFE7F50036DC2C /* nssl0091.jpg in Resources */,
				D4C83A1325EFE7F50036DC2C /* nssl0043.jpg in Resources */,
				D4C83A1525EFE7F50036DC2C /* nssl0034.jpg in Resources */,
				D4C83A0C25EFE7F50036DC2C /* nssl0049.jpg in Resources */,
				D4C83A1125EFE7F50036DC2C /* nssl0041.jpg in Resources */,
				D4C83A1225EFE7F50036DC2C /* nssl0042.jpg in Resources */,
				D4C839F925EFE7DE0036DC2C /* LaunchScreen.storyboard in Resources */,
				D4C839F625EFE7DE0036DC2C /* Assets.xcassets in Resources */,
				D4C83A0F25EFE7F50036DC2C /* nssl0045.jpg in Resources */,
				D4C839F425EFE7DD0036DC2C /* Main.storyboard in Resources */,
			);
			runOnlyForDeploymentPostprocessing = 0;
		};
/* End PBXResourcesBuildPhase section */

/* Begin PBXSourcesBuildPhase section */
		D4C839E525EFE7DD0036DC2C /* Sources */ = {
			isa = PBXSourcesBuildPhase;
			buildActionMask = 2147483647;
			files = (
				D4C839F125EFE7DD0036DC2C /* ViewController.swift in Sources */,
				D4C839ED25EFE7DD0036DC2C /* AppDelegate.swift in Sources */,
				D4C839EF25EFE7DD0036DC2C /* SceneDelegate.swift in Sources */,
				D43F478425F148E6001F6503 /* DetailViewController.swift in Sources */,
			);
			runOnlyForDeploymentPostprocessing = 0;
		};
/* End PBXSourcesBuildPhase section */

/* Begin PBXVariantGroup section */
		D4C839F225EFE7DD0036DC2C /* Main.storyboard */ = {
			isa = PBXVariantGroup;
			children = (
				D4C839F325EFE7DD0036DC2C /* Base */,
			);
			name = Main.storyboard;
			sourceTree = "<group>";
		};
		D4C839F725EFE7DE0036DC2C /* LaunchScreen.storyboard */ = {
			isa = PBXVariantGroup;
			children = (
				D4C839F825EFE7DE0036DC2C /* Base */,
			);
			name = LaunchScreen.storyboard;
			sourceTree = "<group>";
		};
/* End PBXVariantGroup section */

/* Begin XCBuildConfiguration section */
		D4C839FB25EFE7DE0036DC2C /* Debug */ = {
			isa = XCBuildConfiguration;
			buildSettings = {
				ALWAYS_SEARCH_USER_PATHS = NO;
				CLANG_ANALYZER_NONNULL = YES;
				CLANG_ANALYZER_NUMBER_OBJECT_CONVERSION = YES_AGGRESSIVE;
				CLANG_CXX_LANGUAGE_STANDARD = "gnu++14";
				CLANG_CXX_LIBRARY = "libc++";
				CLANG_ENABLE_MODULES = YES;
				CLANG_ENABLE_OBJC_ARC = YES;
				CLANG_ENABLE_OBJC_WEAK = YES;
				CLANG_WARN_BLOCK_CAPTURE_AUTORELEASING = YES;
				CLANG_WARN_BOOL_CONVERSION = YES;
				CLANG_WARN_COMMA = YES;
				CLANG_WARN_CONSTANT_CONVERSION = YES;
				CLANG_WARN_DEPRECATED_OBJC_IMPLEMENTATIONS = YES;
				CLANG_WARN_DIRECT_OBJC_ISA_USAGE = YES_ERROR;
				CLANG_WARN_DOCUMENTATION_COMMENTS = YES;
				CLANG_WARN_EMPTY_BODY = YES;
				CLANG_WARN_ENUM_CONVERSION = YES;
				CLANG_WARN_INFINITE_RECURSION = YES;
				CLANG_WARN_INT_CONVERSION = YES;
				CLANG_WARN_NON_LITERAL_NULL_CONVERSION = YES;
				CLANG_WARN_OBJC_IMPLICIT_RETAIN_SELF = YES;
				CLANG_WARN_OBJC_LITERAL_CONVERSION = YES;
				CLANG_WARN_OBJC_ROOT_CLASS = YES_ERROR;
				CLANG_WARN_QUOTED_INCLUDE_IN_FRAMEWORK_HEADER = YES;
				CLANG_WARN_RANGE_LOOP_ANALYSIS = YES;
				CLANG_WARN_STRICT_PROTOTYPES = YES;
				CLANG_WARN_SUSPICIOUS_MOVE = YES;
				CLANG_WARN_UNGUARDED_AVAILABILITY = YES_AGGRESSIVE;
				CLANG_WARN_UNREACHABLE_CODE = YES;
				CLANG_WARN__DUPLICATE_METHOD_MATCH = YES;
				COPY_PHASE_STRIP = NO;
				DEBUG_INFORMATION_FORMAT = dwarf;
				ENABLE_STRICT_OBJC_MSGSEND = YES;
				ENABLE_TESTABILITY = YES;
				GCC_C_LANGUAGE_STANDARD = gnu11;
				GCC_DYNAMIC_NO_PIC = NO;
				GCC_NO_COMMON_BLOCKS = YES;
				GCC_OPTIMIZATION_LEVEL = 0;
				GCC_PREPROCESSOR_DEFINITIONS = (
					"DEBUG=1",
					"$(inherited)",
				);
				GCC_WARN_64_TO_32_BIT_CONVERSION = YES;
				GCC_WARN_ABOUT_RETURN_TYPE = YES_ERROR;
				GCC_WARN_UNDECLARED_SELECTOR = YES;
				GCC_WARN_UNINITIALIZED_AUTOS = YES_AGGRESSIVE;
				GCC_WARN_UNUSED_FUNCTION = YES;
				GCC_WARN_UNUSED_VARIABLE = YES;
				IPHONEOS_DEPLOYMENT_TARGET = 14.4;
				MTL_ENABLE_DEBUG_INFO = INCLUDE_SOURCE;
				MTL_FAST_MATH = YES;
				ONLY_ACTIVE_ARCH = YES;
				SDKROOT = iphoneos;
				SWIFT_ACTIVE_COMPILATION_CONDITIONS = DEBUG;
				SWIFT_OPTIMIZATION_LEVEL = "-Onone";
			};
			name = Debug;
		};
		D4C839FC25EFE7DE0036DC2C /* Release */ = {
			isa = XCBuildConfiguration;
			buildSettings = {
				ALWAYS_SEARCH_USER_PATHS = NO;
				CLANG_ANALYZER_NONNULL = YES;
				CLANG_ANALYZER_NUMBER_OBJECT_CONVERSION = YES_AGGRESSIVE;
				CLANG_CXX_LANGUAGE_STANDARD = "gnu++14";
				CLANG_CXX_LIBRARY = "libc++";
				CLANG_ENABLE_MODULES = YES;
				CLANG_ENABLE_OBJC_ARC = YES;
				CLANG_ENABLE_OBJC_WEAK = YES;
				CLANG_WARN_BLOCK_CAPTURE_AUTORELEASING = YES;
				CLANG_WARN_BOOL_CONVERSION = YES;
				CLANG_WARN_COMMA = YES;
				CLANG_WARN_CONSTANT_CONVERSION = YES;
				CLANG_WARN_DEPRECATED_OBJC_IMPLEMENTATIONS = YES;
				CLANG_WARN_DIRECT_OBJC_ISA_USAGE = YES_ERROR;
				CLANG_WARN_DOCUMENTATION_COMMENTS = YES;
				CLANG_WARN_EMPTY_BODY = YES;
				CLANG_WARN_ENUM_CONVERSION = YES;
				CLANG_WARN_INFINITE_RECURSION = YES;
				CLANG_WARN_INT_CONVERSION = YES;
				CLANG_WARN_NON_LITERAL_NULL_CONVERSION = YES;
				CLANG_WARN_OBJC_IMPLICIT_RETAIN_SELF = YES;
				CLANG_WARN_OBJC_LITERAL_CONVERSION = YES;
				CLANG_WARN_OBJC_ROOT_CLASS = YES_ERROR;
				CLANG_WARN_QUOTED_INCLUDE_IN_FRAMEWORK_HEADER = YES;
				CLANG_WARN_RANGE_LOOP_ANALYSIS = YES;
				CLANG_WARN_STRICT_PROTOTYPES = YES;
				CLANG_WARN_SUSPICIOUS_MOVE = YES;
				CLANG_WARN_UNGUARDED_AVAILABILITY = YES_AGGRESSIVE;
				CLANG_WARN_UNREACHABLE_CODE = YES;
				CLANG_WARN__DUPLICATE_METHOD_MATCH = YES;
				COPY_PHASE_STRIP = NO;
				DEBUG_INFORMATION_FORMAT = "dwarf-with-dsym";
				ENABLE_NS_ASSERTIONS = NO;
				ENABLE_STRICT_OBJC_MSGSEND = YES;
				GCC_C_LANGUAGE_STANDARD = gnu11;
				GCC_NO_COMMON_BLOCKS = YES;
				GCC_WARN_64_TO_32_BIT_CONVERSION = YES;
				GCC_WARN_ABOUT_RETURN_TYPE = YES_ERROR;
				GCC_WARN_UNDECLARED_SELECTOR = YES;
				GCC_WARN_UNINITIALIZED_AUTOS = YES_AGGRESSIVE;
				GCC_WARN_UNUSED_FUNCTION = YES;
				GCC_WARN_UNUSED_VARIABLE = YES;
				IPHONEOS_DEPLOYMENT_TARGET = 14.4;
				MTL_ENABLE_DEBUG_INFO = NO;
				MTL_FAST_MATH = YES;
				SDKROOT = iphoneos;
				SWIFT_COMPILATION_MODE = wholemodule;
				SWIFT_OPTIMIZATION_LEVEL = "-O";
				VALIDATE_PRODUCT = YES;
			};
			name = Release;
		};
		D4C839FE25EFE7DE0036DC2C /* Debug */ = {
			isa = XCBuildConfiguration;
			buildSettings = {
				ASSETCATALOG_COMPILER_APPICON_NAME = AppIcon;
				ASSETCATALOG_COMPILER_GLOBAL_ACCENT_COLOR_NAME = AccentColor;
				CODE_SIGN_STYLE = Automatic;
				INFOPLIST_FILE = Project1/Info.plist;
				LD_RUNPATH_SEARCH_PATHS = (
					"$(inherited)",
					"@executable_path/Frameworks",
				);
				PRODUCT_BUNDLE_IDENTIFIER = com.yousefalsayid.Project1;
				PRODUCT_NAME = "$(TARGET_NAME)";
				SWIFT_VERSION = 5.0;
				TARGETED_DEVICE_FAMILY = "1,2";
			};
			name = Debug;
		};
		D4C839FF25EFE7DE0036DC2C /* Release */ = {
			isa = XCBuildConfiguration;
			buildSettings = {
				ASSETCATALOG_COMPILER_APPICON_NAME = AppIcon;
				ASSETCATALOG_COMPILER_GLOBAL_ACCENT_COLOR_NAME = AccentColor;
				CODE_SIGN_STYLE = Automatic;
				INFOPLIST_FILE = Project1/Info.plist;
				LD_RUNPATH_SEARCH_PATHS = (
					"$(inherited)",
					"@executable_path/Frameworks",
				);
				PRODUCT_BUNDLE_IDENTIFIER = com.yousefalsayid.Project1;
				PRODUCT_NAME = "$(TARGET_NAME)";
				SWIFT_VERSION = 5.0;
				TARGETED_DEVICE_FAMILY = "1,2";
			};
			name = Release;
		};
/* End XCBuildConfiguration section */

/* Begin XCConfigurationList section */
		D4C839E425EFE7DD0036DC2C /* Build configuration list for PBXProject "Project1" */ = {
			isa = XCConfigurationList;
			buildConfigurations = (
				D4C839FB25EFE7DE0036DC2C /* Debug */,
				D4C839FC25EFE7DE0036DC2C /* Release */,
			);
			defaultConfigurationIsVisible = 0;
			defaultConfigurationName = Release;
		};
		D4C839FD25EFE7DE0036DC2C /* Build configuration list for PBXNativeTarget "Project1" */ = {
			isa = XCConfigurationList;
			buildConfigurations = (
				D4C839FE25EFE7DE0036DC2C /* Debug */,
				D4C839FF25EFE7DE0036DC2C /* Release */,
			);
			defaultConfigurationIsVisible = 0;
			defaultConfigurationName = Release;
		};
/* End XCConfigurationList section */
	};
	rootObject = D4C839E125EFE7DD0036DC2C /* Project object */;
}
